
Microsoft Visual Studio Solution File, Format Version 12.00
# Visual Studio 15
VisualStudioVersion = 15.0.28010.2046
MinimumVisualStudioVersion = 10.0.40219.1
Project("{9A19103F-16F7-4668-BE54-9A1E7A4F7556}") = "BRPChurch", "BRPChurch\BRPChurch.csproj", "{A03CB3F6-1437-4E8A-BE71-171D037E1068}"
EndProject
Global
	GlobalSection(SolutionConfigurationPlatforms) = preSolution
		Debug|Any CPU = Debug|Any CPU
		Release|Any CPU = Release|Any CPU
	EndGlobalSection
	GlobalSection(ProjectConfigurationPlatforms) = postSolution
		{A03CB3F6-1437-4E8A-BE71-171D037E1068}.Debug|Any CPU.ActiveCfg = Debug|Any CPU
		{A03CB3F6-1437-4E8A-BE71-171D037E1068}.Debug|Any CPU.Build.0 = Debug|Any CPU
		{A03CB3F6-1437-4E8A-BE71-171D037E1068}.Release|Any CPU.ActiveCfg = Release|Any CPU
		{A03CB3F6-1437-4E8A-BE71-171D037E1068}.Release|Any CPU.Build.0 = Release|Any CPU
	EndGlobalSection
	GlobalSection(SolutionProperties) = preSolution
		HideSolutionNode = FALSE
	EndGlobalSection
	GlobalSection(ExtensibilityGlobals) = postSolution
		SolutionGuid = {5B22E1E5-2FF2-4A66-B543-9B7D79293B38}
	EndGlobalSection
EndGlobal
